
Microsoft Visual Studio Solution File, Format Version 12.00
# Visual Studio Version 17
VisualStudioVersion = 17.7.34031.279
MinimumVisualStudioVersion = 10.0.40219.1
Project("{FAE04EC0-301F-11D3-BF4B-00C04F79EFBC}") = "MachineSimulation", "MachineSimulation\MachineSimulation.csproj", "{6E02A31C-0DEC-4AE3-8318-22DEA2D4AD82}"
EndProject
Global
	GlobalSection(SolutionConfigurationPlatforms) = preSolution
		Debug|Any CPU = Debug|Any CPU
		Release|Any CPU = Release|Any CPU
	EndGlobalSection
	GlobalSection(ProjectConfigurationPlatforms) = postSolution
		{6E02A31C-0DEC-4AE3-8318-22DEA2D4AD82}.Debug|Any CPU.ActiveCfg = Debug|Any CPU
		{6E02A31C-0DEC-4AE3-8318-22DEA2D4AD82}.Debug|Any CPU.Build.0 = Debug|Any CPU
		{6E02A31C-0DEC-4AE3-8318-22DEA2D4AD82}.Release|Any CPU.ActiveCfg = Release|Any CPU
		{6E02A31C-0DEC-4AE3-8318-22DEA2D4AD82}.Release|Any CPU.Build.0 = Release|Any CPU
	EndGlobalSection
	GlobalSection(SolutionProperties) = preSolution
		HideSolutionNode = FALSE
	EndGlobalSection
	GlobalSection(ExtensibilityGlobals) = postSolution
		SolutionGuid = {399F2E43-C196-455C-9677-970A87D8A8FE}
	EndGlobalSection
EndGlobal
